
Microsoft Visual Studio Solution File, Format Version 12.00
# Visual Studio Version 16
VisualStudioVersion = 16.0.31702.278
MinimumVisualStudioVersion = 10.0.40219.1
Project("{FAE04EC0-301F-11D3-BF4B-00C04F79EFBC}") = "AdvertisementMessage", "AdvertisementMessage\AdvertisementMessage.csproj", "{0D50873C-09D6-4B5F-B65B-01F55C69AD17}"
EndProject
Project("{FAE04EC0-301F-11D3-BF4B-00C04F79EFBC}") = "Articles", "Articles\Articles.csproj", "{8386A2E1-5879-42E6-A246-6D81156FCF75}"
EndProject
Project("{FAE04EC0-301F-11D3-BF4B-00C04F79EFBC}") = "Articles2", "Articles2\Articles2.csproj", "{E3B29D5B-9C2F-4DB2-AE04-01633751CCF1}"
EndProject
Project("{FAE04EC0-301F-11D3-BF4B-00C04F79EFBC}") = "Students", "Students\Students.csproj", "{393ED73D-7053-4097-BF47-27FF388607AA}"
EndProject
Project("{FAE04EC0-301F-11D3-BF4B-00C04F79EFBC}") = "TeamworkProjects", "TeamworkProjects\TeamworkProjects.csproj", "{3B81DC06-E97C-4A9E-8565-9A859921DC32}"
EndProject
Global
	GlobalSection(SolutionConfigurationPlatforms) = preSolution
		Debug|Any CPU = Debug|Any CPU
		Release|Any CPU = Release|Any CPU
	EndGlobalSection
	GlobalSection(ProjectConfigurationPlatforms) = postSolution
		{0D50873C-09D6-4B5F-B65B-01F55C69AD17}.Debug|Any CPU.ActiveCfg = Debug|Any CPU
		{0D50873C-09D6-4B5F-B65B-01F55C69AD17}.Debug|Any CPU.Build.0 = Debug|Any CPU
		{0D50873C-09D6-4B5F-B65B-01F55C69AD17}.Release|Any CPU.ActiveCfg = Release|Any CPU
		{0D50873C-09D6-4B5F-B65B-01F55C69AD17}.Release|Any CPU.Build.0 = Release|Any CPU
		{8386A2E1-5879-42E6-A246-6D81156FCF75}.Debug|Any CPU.ActiveCfg = Debug|Any CPU
		{8386A2E1-5879-42E6-A246-6D81156FCF75}.Debug|Any CPU.Build.0 = Debug|Any CPU
		{8386A2E1-5879-42E6-A246-6D81156FCF75}.Release|Any CPU.ActiveCfg = Release|Any CPU
		{8386A2E1-5879-42E6-A246-6D81156FCF75}.Release|Any CPU.Build.0 = Release|Any CPU
		{E3B29D5B-9C2F-4DB2-AE04-01633751CCF1}.Debug|Any CPU.ActiveCfg = Debug|Any CPU
		{E3B29D5B-9C2F-4DB2-AE04-01633751CCF1}.Debug|Any CPU.Build.0 = Debug|Any CPU
		{E3B29D5B-9C2F-4DB2-AE04-01633751CCF1}.Release|Any CPU.ActiveCfg = Release|Any CPU
		{E3B29D5B-9C2F-4DB2-AE04-01633751CCF1}.Release|Any CPU.Build.0 = Release|Any CPU
		{393ED73D-7053-4097-BF47-27FF388607AA}.Debug|Any CPU.ActiveCfg = Debug|Any CPU
		{393ED73D-7053-4097-BF47-27FF388607AA}.Debug|Any CPU.Build.0 = Debug|Any CPU
		{393ED73D-7053-4097-BF47-27FF388607AA}.Release|Any CPU.ActiveCfg = Release|Any CPU
		{393ED73D-7053-4097-BF47-27FF388607AA}.Release|Any CPU.Build.0 = Release|Any CPU
		{3B81DC06-E97C-4A9E-8565-9A859921DC32}.Debug|Any CPU.ActiveCfg = Debug|Any CPU
		{3B81DC06-E97C-4A9E-8565-9A859921DC32}.Debug|Any CPU.Build.0 = Debug|Any CPU
		{3B81DC06-E97C-4A9E-8565-9A859921DC32}.Release|Any CPU.ActiveCfg = Release|Any CPU
		{3B81DC06-E97C-4A9E-8565-9A859921DC32}.Release|Any CPU.Build.0 = Release|Any CPU
	EndGlobalSection
	GlobalSection(SolutionProperties) = preSolution
		HideSolutionNode = FALSE
	EndGlobalSection
	GlobalSection(ExtensibilityGlobals) = postSolution
		SolutionGuid = {B7C5F01A-52F2-4884-B84B-8EE26E97DDAD}
	EndGlobalSection
EndGlobal
